<?xml version="1.0" encoding="utf-8"?>
<Project ToolsVersion="4.0" xmlns="http://schemas.microsoft.com/developer/msbuild/2003">
  <ItemGroup>
    <Filter Include="source">
      <UniqueIdentifier>{6b8b81f5-0eda-4680-b9ef-79967bb0483e}</UniqueIdentifier>
      <Extensions>cpp;c;cxx;def;odl;idl;hpj;bat;asm</Extensions>
    </Filter>
    <Filter Include="include">
      <UniqueIdentifier>{0cce2022-8db3-4ab3-bb0f-0d36653027cb}</UniqueIdentifier>
      <Extensions>h;hpp;hxx;hm;inl;inc</Extensions>
    </Filter>
    <Filter Include="resource">
      <UniqueIdentifier>{2da9b03f-ed4a-4c7e-a0a8-19c66ce72fa3}</UniqueIdentifier>
      <Extensions>rc;ico;cur;bmp;dlg;rc2;rct;bin;rgs;jpg;jpeg;jpe;png;manifest</Extensions>
    </Filter>
    <Filter Include="Entities">
      <UniqueIdentifier>{dcc94d63-ee6c-42f9-87df-bcaa5d1d45f2}</UniqueIdentifier>
    </Filter>
    <Filter Include="StateMachine">
      <UniqueIdentifier>{6501fa58-c637-4ebd-b9d2-928f30c205fe}</UniqueIdentifier>
    </Filter>
  </ItemGroup>
  <ItemGroup>
    <None Include="res\Cyber_Hackman.ico">
      <Filter>resource</Filter>
    </None>
    <None Include="..\Resources\CloseSelected.png">
      <Filter>resource</Filter>
    </None>
    <None Include="..\Resources\CloseNormal.png">
      <Filter>resource</Filter>
    </None>
    <None Include="..\Resources\HelloWorld.png">
      <Filter>resource</Filter>
    </None>
    <None Include="ClassDiagram1.cd" />
  </ItemGroup>
  <ItemGroup>
    <ResourceCompile Include="Cyber_Hackman.rc">
      <Filter>resource</Filter>
    </ResourceCompile>
  </ItemGroup>
  <ItemGroup>
    <ClInclude Include="resource.h">
      <Filter>include</Filter>
    </ClInclude>
    <ClInclude Include="main.h">
      <Filter>include</Filter>
    </ClInclude>
    <ClInclude Include="..\Classes\AppDelegate.h">
      <Filter>include</Filter>
    </ClInclude>
    <ClInclude Include="..\Classes\IntroScene.h">
      <Filter>include</Filter>
    </ClInclude>
    <ClInclude Include="..\Classes\GameLevel.h">
      <Filter>include</Filter>
    </ClInclude>
    <ClInclude Include="..\Classes\GameLevelMap.h">
      <Filter>include</Filter>
    </ClInclude>
    <ClInclude Include="..\Classes\Entity.h">
      <Filter>Entities</Filter>
    </ClInclude>
    <ClInclude Include="..\Classes\Player.h">
      <Filter>Entities</Filter>
    </ClInclude>
    <ClInclude Include="..\Classes\PathPlanner.h">
      <Filter>include</Filter>
    </ClInclude>
    <ClInclude Include="..\Classes\EntityManager.h">
      <Filter>Entities</Filter>
    </ClInclude>
    <ClInclude Include="..\Classes\RedEnemy.h">
      <Filter>Entities</Filter>
    </ClInclude>
    <ClInclude Include="..\Classes\MovingEntity.h">
      <Filter>Entities</Filter>
    </ClInclude>
    <ClInclude Include="..\Classes\BluEnemy.h">
      <Filter>Entities</Filter>
    </ClInclude>
    <ClInclude Include="..\Classes\Enemy.h">
      <Filter>Entities</Filter>
    </ClInclude>
    <ClInclude Include="..\Classes\HelloWorldScene.h">
      <Filter>include</Filter>
    </ClInclude>
    <ClInclude Include="..\Classes\EnemyPatrolState.h">
      <Filter>StateMachine</Filter>
    </ClInclude>
    <ClInclude Include="..\Classes\State.h">
      <Filter>StateMachine</Filter>
    </ClInclude>
    <ClInclude Include="..\Classes\StateMachine.h">
      <Filter>StateMachine</Filter>
    </ClInclude>
    <ClInclude Include="..\Classes\EnemyPathfindingState.h">
      <Filter>StateMachine</Filter>
    </ClInclude>
    <ClInclude Include="..\Classes\GameOverScene.h">
      <Filter>include</Filter>
    </ClInclude>
    <ClInclude Include="..\Classes\AIEffect.h">
      <Filter>Entities</Filter>
    </ClInclude>
    <ClInclude Include="..\Classes\WinnerScene.h">
      <Filter>include</Filter>
    </ClInclude>
  </ItemGroup>
  <ItemGroup>
    <ClCompile Include="main.cpp">
      <Filter>source</Filter>
    </ClCompile>
    <ClCompile Include="..\Classes\AppDelegate.cpp">
      <Filter>source</Filter>
    </ClCompile>
    <ClCompile Include="..\Classes\IntroScene.cpp">
      <Filter>source</Filter>
    </ClCompile>
    <ClCompile Include="..\Classes\GameLevel.cpp">
      <Filter>source</Filter>
    </ClCompile>
    <ClCompile Include="..\Classes\GameLevelMap.cpp">
      <Filter>source</Filter>
    </ClCompile>
    <ClCompile Include="..\Classes\Entity.cpp">
      <Filter>Entities</Filter>
    </ClCompile>
    <ClCompile Include="..\Classes\Player.cpp">
      <Filter>Entities</Filter>
    </ClCompile>
    <ClCompile Include="..\Classes\PathPlanner.cpp">
      <Filter>source</Filter>
    </ClCompile>
    <ClCompile Include="..\Classes\EntityManager.cpp">
      <Filter>Entities</Filter>
    </ClCompile>
    <ClCompile Include="..\Classes\RedEnemy.cpp">
      <Filter>Entities</Filter>
    </ClCompile>
    <ClCompile Include="..\Classes\MovingEntity.cpp">
      <Filter>Entities</Filter>
    </ClCompile>
    <ClCompile Include="..\Classes\BluEnemy.cpp">
      <Filter>Entities</Filter>
    </ClCompile>
    <ClCompile Include="..\Classes\Enemy.cpp">
      <Filter>Entities</Filter>
    </ClCompile>
    <ClCompile Include="..\Classes\HelloWorldScene.cpp">
      <Filter>source</Filter>
    </ClCompile>
    <ClCompile Include="..\Classes\EnemyPatrolState.cpp">
      <Filter>StateMachine</Filter>
    </ClCompile>
    <ClCompile Include="..\Classes\EnemyPathfindingState.cpp">
      <Filter>StateMachine</Filter>
    </ClCompile>
    <ClCompile Include="..\Classes\GameOverScene.cpp">
      <Filter>source</Filter>
    </ClCompile>
    <ClCompile Include="..\Classes\AIEffect.cpp">
      <Filter>Entities</Filter>
    </ClCompile>
    <ClCompile Include="..\Classes\WinnerScene.cpp">
      <Filter>source</Filter>
    </ClCompile>
  </ItemGroup>
</Project>